// !$*UTF8*$!
{
	archiveVersion = 1;
	classes = {
	};
	objectVersion = 55;
	objects = {

/* Begin PBXBuildFile section */
		961B3D3027C4991A004426CA /* AdvertisementBanner.swift in Sources */ = {isa = PBXBuildFile; fileRef = 961B3D2F27C4991A004426CA /* AdvertisementBanner.swift */; };
		961B3D3227C49A1B004426CA /* BannerCard.swift in Sources */ = {isa = PBXBuildFile; fileRef = 961B3D3127C49A1B004426CA /* BannerCard.swift */; };
		961B3D3427C49C63004426CA /* BannerView.swift in Sources */ = {isa = PBXBuildFile; fileRef = 961B3D3327C49C63004426CA /* BannerView.swift */; };
		961B3D3727C4A660004426CA /* PageViewController.swift in Sources */ = {isa = PBXBuildFile; fileRef = 961B3D3627C4A660004426CA /* PageViewController.swift */; };
		961B3D3927C4AB4B004426CA /* PageControl.swift in Sources */ = {isa = PBXBuildFile; fileRef = 961B3D3827C4AB4B004426CA /* PageControl.swift */; };
		961E4B3427C0986E009367B7 /* TamnaPracticeApp.swift in Sources */ = {isa = PBXBuildFile; fileRef = 961E4B3327C0986E009367B7 /* TamnaPracticeApp.swift */; };
		961E4B3627C0986E009367B7 /* ContentView.swift in Sources */ = {isa = PBXBuildFile; fileRef = 961E4B3527C0986E009367B7 /* ContentView.swift */; };
		961E4B3827C0986F009367B7 /* Assets.xcassets in Resources */ = {isa = PBXBuildFile; fileRef = 961E4B3727C0986F009367B7 /* Assets.xcassets */; };
		961E4B3B27C0986F009367B7 /* Preview Assets.xcassets in Resources */ = {isa = PBXBuildFile; fileRef = 961E4B3A27C0986F009367B7 /* Preview Assets.xcassets */; };
		96443D4C27C3801B00BE651E /* CashHorizon.swift in Sources */ = {isa = PBXBuildFile; fileRef = 96443D4B27C3801B00BE651E /* CashHorizon.swift */; };
		96443D4E27C3890400BE651E /* QRBar.swift in Sources */ = {isa = PBXBuildFile; fileRef = 96443D4D27C3890400BE651E /* QRBar.swift */; };
		96443D5427C3954E00BE651E /* Storage.swift in Sources */ = {isa = PBXBuildFile; fileRef = 96443D5327C3954E00BE651E /* Storage.swift */; };
		96443D5627C3965500BE651E /* ListCell.swift in Sources */ = {isa = PBXBuildFile; fileRef = 96443D5527C3965500BE651E /* ListCell.swift */; };
		96443D5827C39B4100BE651E /* StorageList.swift in Sources */ = {isa = PBXBuildFile; fileRef = 96443D5727C39B4100BE651E /* StorageList.swift */; };
		964541B227C3D93F00D7D1D4 /* FindCell.swift in Sources */ = {isa = PBXBuildFile; fileRef = 964541B127C3D93F00D7D1D4 /* FindCell.swift */; };
		964541B427C3DB7A00D7D1D4 /* NewsList.swift in Sources */ = {isa = PBXBuildFile; fileRef = 964541B327C3DB7A00D7D1D4 /* NewsList.swift */; };
		964E84E427C09CFC00AC9772 /* NavigationBarWithButton.swift in Sources */ = {isa = PBXBuildFile; fileRef = 964E84E327C09CFC00AC9772 /* NavigationBarWithButton.swift */; };
		96BD939727C3A9380001E908 /* ImageHorizon.swift in Sources */ = {isa = PBXBuildFile; fileRef = 96BD939627C3A9380001E908 /* ImageHorizon.swift */; };
/* End PBXBuildFile section */

/* Begin PBXFileReference section */
		961B3D2F27C4991A004426CA /* AdvertisementBanner.swift */ = {isa = PBXFileReference; lastKnownFileType = sourcecode.swift; path = AdvertisementBanner.swift; sourceTree = "<group>"; };
		961B3D3127C49A1B004426CA /* BannerCard.swift */ = {isa = PBXFileReference; lastKnownFileType = sourcecode.swift; path = BannerCard.swift; sourceTree = "<group>"; };
		961B3D3327C49C63004426CA /* BannerView.swift */ = {isa = PBXFileReference; lastKnownFileType = sourcecode.swift; path = BannerView.swift; sourceTree = "<group>"; };
		961B3D3627C4A660004426CA /* PageViewController.swift */ = {isa = PBXFileReference; lastKnownFileType = sourcecode.swift; path = PageViewController.swift; sourceTree = "<group>"; };
		961B3D3827C4AB4B004426CA /* PageControl.swift */ = {isa = PBXFileReference; lastKnownFileType = sourcecode.swift; path = PageControl.swift; sourceTree = "<group>"; };
		961E4B3027C0986E009367B7 /* TamnaPractice.app */ = {isa = PBXFileReference; explicitFileType = wrapper.application; includeInIndex = 0; path = TamnaPractice.app; sourceTree = BUILT_PRODUCTS_DIR; };
		961E4B3327C0986E009367B7 /* TamnaPracticeApp.swift */ = {isa = PBXFileReference; lastKnownFileType = sourcecode.swift; path = TamnaPracticeApp.swift; sourceTree = "<group>"; };
		961E4B3527C0986E009367B7 /* ContentView.swift */ = {isa = PBXFileReference; lastKnownFileType = sourcecode.swift; path = ContentView.swift; sourceTree = "<group>"; };
		961E4B3727C0986F009367B7 /* Assets.xcassets */ = {isa = PBXFileReference; lastKnownFileType = folder.assetcatalog; path = Assets.xcassets; sourceTree = "<group>"; };
		961E4B3A27C0986F009367B7 /* Preview Assets.xcassets */ = {isa = PBXFileReference; lastKnownFileType = folder.assetcatalog; path = "Preview Assets.xcassets"; sourceTree = "<group>"; };
		96443D4B27C3801B00BE651E /* CashHorizon.swift */ = {isa = PBXFileReference; lastKnownFileType = sourcecode.swift; path = CashHorizon.swift; sourceTree = "<group>"; };
		96443D4D27C3890400BE651E /* QRBar.swift */ = {isa = PBXFileReference; lastKnownFileType = sourcecode.swift; path = QRBar.swift; sourceTree = "<group>"; };
		96443D5327C3954E00BE651E /* Storage.swift */ = {isa = PBXFileReference; lastKnownFileType = sourcecode.swift; path = Storage.swift; sourceTree = "<group>"; };
		96443D5527C3965500BE651E /* ListCell.swift */ = {isa = PBXFileReference; lastKnownFileType = sourcecode.swift; path = ListCell.swift; sourceTree = "<group>"; };
		96443D5727C39B4100BE651E /* StorageList.swift */ = {isa = PBXFileReference; lastKnownFileType = sourcecode.swift; path = StorageList.swift; sourceTree = "<group>"; };
		964541B127C3D93F00D7D1D4 /* FindCell.swift */ = {isa = PBXFileReference; lastKnownFileType = sourcecode.swift; path = FindCell.swift; sourceTree = "<group>"; };
		964541B327C3DB7A00D7D1D4 /* NewsList.swift */ = {isa = PBXFileReference; lastKnownFileType = sourcecode.swift; path = NewsList.swift; sourceTree = "<group>"; };
		964E84E327C09CFC00AC9772 /* NavigationBarWithButton.swift */ = {isa = PBXFileReference; lastKnownFileType = sourcecode.swift; path = NavigationBarWithButton.swift; sourceTree = "<group>"; };
		96BD939627C3A9380001E908 /* ImageHorizon.swift */ = {isa = PBXFileReference; lastKnownFileType = sourcecode.swift; path = ImageHorizon.swift; sourceTree = "<group>"; };
/* End PBXFileReference section */

/* Begin PBXFrameworksBuildPhase section */
		961E4B2D27C0986E009367B7 /* Frameworks */ = {
			isa = PBXFrameworksBuildPhase;
			buildActionMask = 2147483647;
			files = (
			);
			runOnlyForDeploymentPostprocessing = 0;
		};
/* End PBXFrameworksBuildPhase section */

/* Begin PBXGroup section */
		961B3D3527C4A64B004426CA /* Banner */ = {
			isa = PBXGroup;
			children = (
				961B3D3127C49A1B004426CA /* BannerCard.swift */,
				961B3D3327C49C63004426CA /* BannerView.swift */,
				961B3D3A27C4ADA0004426CA /* UIKit to SwiftUI */,
			);
			path = Banner;
			sourceTree = "<group>";
		};
		961B3D3A27C4ADA0004426CA /* UIKit to SwiftUI */ = {
			isa = PBXGroup;
			children = (
				961B3D3627C4A660004426CA /* PageViewController.swift */,
				961B3D3827C4AB4B004426CA /* PageControl.swift */,
			);
			path = "UIKit to SwiftUI";
			sourceTree = "<group>";
		};
		961E4B2727C0986E009367B7 = {
			isa = PBXGroup;
			children = (
				961E4B3227C0986E009367B7 /* TamnaPractice */,
				961E4B3127C0986E009367B7 /* Products */,
			);
			sourceTree = "<group>";
		};
		961E4B3127C0986E009367B7 /* Products */ = {
			isa = PBXGroup;
			children = (
				961E4B3027C0986E009367B7 /* TamnaPractice.app */,
			);
			name = Products;
			sourceTree = "<group>";
		};
		961E4B3227C0986E009367B7 /* TamnaPractice */ = {
			isa = PBXGroup;
			children = (
				961E4B3327C0986E009367B7 /* TamnaPracticeApp.swift */,
				961E4B3527C0986E009367B7 /* ContentView.swift */,
				96443D5227C391E800BE651E /* Views */,
				96443D5927C39B5200BE651E /* StorageList */,
				96443D5A27C39D8B00BE651E /* Model */,
				961E4B3727C0986F009367B7 /* Assets.xcassets */,
				961E4B3927C0986F009367B7 /* Preview Content */,
			);
			path = TamnaPractice;
			sourceTree = "<group>";
		};
		961E4B3927C0986F009367B7 /* Preview Content */ = {
			isa = PBXGroup;
			children = (
				961E4B3A27C0986F009367B7 /* Preview Assets.xcassets */,
			);
			path = "Preview Content";
			sourceTree = "<group>";
		};
		96443D5227C391E800BE651E /* Views */ = {
			isa = PBXGroup;
			children = (
				964E84E327C09CFC00AC9772 /* NavigationBarWithButton.swift */,
				96443D4B27C3801B00BE651E /* CashHorizon.swift */,
				96443D4D27C3890400BE651E /* QRBar.swift */,
				96BD939627C3A9380001E908 /* ImageHorizon.swift */,
				964541B127C3D93F00D7D1D4 /* FindCell.swift */,
				964541B327C3DB7A00D7D1D4 /* NewsList.swift */,
				961B3D3527C4A64B004426CA /* Banner */,
			);
			path = Views;
			sourceTree = "<group>";
		};
		96443D5927C39B5200BE651E /* StorageList */ = {
			isa = PBXGroup;
			children = (
				96443D5727C39B4100BE651E /* StorageList.swift */,
				96443D5527C3965500BE651E /* ListCell.swift */,
			);
			path = StorageList;
			sourceTree = "<group>";
		};
		96443D5A27C39D8B00BE651E /* Model */ = {
			isa = PBXGroup;
			children = (
				96443D5327C3954E00BE651E /* Storage.swift */,
				961B3D2F27C4991A004426CA /* AdvertisementBanner.swift */,
			);
			path = Model;
			sourceTree = "<group>";
		};
/* End PBXGroup section */

/* Begin PBXNativeTarget section */
		961E4B2F27C0986E009367B7 /* TamnaPractice */ = {
			isa = PBXNativeTarget;
			buildConfigurationList = 961E4B3E27C0986F009367B7 /* Build configuration list for PBXNativeTarget "TamnaPractice" */;
			buildPhases = (
				961E4B2C27C0986E009367B7 /* Sources */,
				961E4B2D27C0986E009367B7 /* Frameworks */,
				961E4B2E27C0986E009367B7 /* Resources */,
			);
			buildRules = (
			);
			dependencies = (
			);
			name = TamnaPractice;
			productName = TamnaPractice;
			productReference = 961E4B3027C0986E009367B7 /* TamnaPractice.app */;
			productType = "com.apple.product-type.application";
		};
/* End PBXNativeTarget section */

/* Begin PBXProject section */
		961E4B2827C0986E009367B7 /* Project object */ = {
			isa = PBXProject;
			attributes = {
				BuildIndependentTargetsInParallel = 1;
				LastSwiftUpdateCheck = 1320;
				LastUpgradeCheck = 1320;
				TargetAttributes = {
					961E4B2F27C0986E009367B7 = {
						CreatedOnToolsVersion = 13.2;
					};
				};
			};
			buildConfigurationList = 961E4B2B27C0986E009367B7 /* Build configuration list for PBXProject "TamnaPractice" */;
			compatibilityVersion = "Xcode 13.0";
			developmentRegion = en;
			hasScannedForEncodings = 0;
			knownRegions = (
				en,
				Base,
			);
			mainGroup = 961E4B2727C0986E009367B7;
			productRefGroup = 961E4B3127C0986E009367B7 /* Products */;
			projectDirPath = "";
			projectRoot = "";
			targets = (
				961E4B2F27C0986E009367B7 /* TamnaPractice */,
			);
		};
/* End PBXProject section */

/* Begin PBXResourcesBuildPhase section */
		961E4B2E27C0986E009367B7 /* Resources */ = {
			isa = PBXResourcesBuildPhase;
			buildActionMask = 2147483647;
			files = (
				961E4B3B27C0986F009367B7 /* Preview Assets.xcassets in Resources */,
				961E4B3827C0986F009367B7 /* Assets.xcassets in Resources */,
			);
			runOnlyForDeploymentPostprocessing = 0;
		};
/* End PBXResourcesBuildPhase section */

/* Begin PBXSourcesBuildPhase section */
		961E4B2C27C0986E009367B7 /* Sources */ = {
			isa = PBXSourcesBuildPhase;
			buildActionMask = 2147483647;
			files = (
				961B3D3427C49C63004426CA /* BannerView.swift in Sources */,
				96443D4E27C3890400BE651E /* QRBar.swift in Sources */,
				96443D4C27C3801B00BE651E /* CashHorizon.swift in Sources */,
				96443D5627C3965500BE651E /* ListCell.swift in Sources */,
				964E84E427C09CFC00AC9772 /* NavigationBarWithButton.swift in Sources */,
				964541B427C3DB7A00D7D1D4 /* NewsList.swift in Sources */,
				961B3D3727C4A660004426CA /* PageViewController.swift in Sources */,
				961B3D3227C49A1B004426CA /* BannerCard.swift in Sources */,
				961B3D3027C4991A004426CA /* AdvertisementBanner.swift in Sources */,
				961E4B3627C0986E009367B7 /* ContentView.swift in Sources */,
				961B3D3927C4AB4B004426CA /* PageControl.swift in Sources */,
				96443D5827C39B4100BE651E /* StorageList.swift in Sources */,
				964541B227C3D93F00D7D1D4 /* FindCell.swift in Sources */,
				961E4B3427C0986E009367B7 /* TamnaPracticeApp.swift in Sources */,
				96443D5427C3954E00BE651E /* Storage.swift in Sources */,
				96BD939727C3A9380001E908 /* ImageHorizon.swift in Sources */,
			);
			runOnlyForDeploymentPostprocessing = 0;
		};
/* End PBXSourcesBuildPhase section */

/* Begin XCBuildConfiguration section */
		961E4B3C27C0986F009367B7 /* Debug */ = {
			isa = XCBuildConfiguration;
			buildSettings = {
				ALWAYS_SEARCH_USER_PATHS = NO;
				CLANG_ANALYZER_NONNULL = YES;
				CLANG_ANALYZER_NUMBER_OBJECT_CONVERSION = YES_AGGRESSIVE;
				CLANG_CXX_LANGUAGE_STANDARD = "gnu++17";
				CLANG_CXX_LIBRARY = "libc++";
				CLANG_ENABLE_MODULES = YES;
				CLANG_ENABLE_OBJC_ARC = YES;
				CLANG_ENABLE_OBJC_WEAK = YES;
				CLANG_WARN_BLOCK_CAPTURE_AUTORELEASING = YES;
				CLANG_WARN_BOOL_CONVERSION = YES;
				CLANG_WARN_COMMA = YES;
				CLANG_WARN_CONSTANT_CONVERSION = YES;
				CLANG_WARN_DEPRECATED_OBJC_IMPLEMENTATIONS = YES;
				CLANG_WARN_DIRECT_OBJC_ISA_USAGE = YES_ERROR;
				CLANG_WARN_DOCUMENTATION_COMMENTS = YES;
				CLANG_WARN_EMPTY_BODY = YES;
				CLANG_WARN_ENUM_CONVERSION = YES;
				CLANG_WARN_INFINITE_RECURSION = YES;
				CLANG_WARN_INT_CONVERSION = YES;
				CLANG_WARN_NON_LITERAL_NULL_CONVERSION = YES;
				CLANG_WARN_OBJC_IMPLICIT_RETAIN_SELF = YES;
				CLANG_WARN_OBJC_LITERAL_CONVERSION = YES;
				CLANG_WARN_OBJC_ROOT_CLASS = YES_ERROR;
				CLANG_WARN_QUOTED_INCLUDE_IN_FRAMEWORK_HEADER = YES;
				CLANG_WARN_RANGE_LOOP_ANALYSIS = YES;
				CLANG_WARN_STRICT_PROTOTYPES = YES;
				CLANG_WARN_SUSPICIOUS_MOVE = YES;
				CLANG_WARN_UNGUARDED_AVAILABILITY = YES_AGGRESSIVE;
				CLANG_WARN_UNREACHABLE_CODE = YES;
				CLANG_WARN__DUPLICATE_METHOD_MATCH = YES;
				COPY_PHASE_STRIP = NO;
				DEBUG_INFORMATION_FORMAT = dwarf;
				ENABLE_STRICT_OBJC_MSGSEND = YES;
				ENABLE_TESTABILITY = YES;
				GCC_C_LANGUAGE_STANDARD = gnu11;
				GCC_DYNAMIC_NO_PIC = NO;
				GCC_NO_COMMON_BLOCKS = YES;
				GCC_OPTIMIZATION_LEVEL = 0;
				GCC_PREPROCESSOR_DEFINITIONS = (
					"DEBUG=1",
					"$(inherited)",
				);
				GCC_WARN_64_TO_32_BIT_CONVERSION = YES;
				GCC_WARN_ABOUT_RETURN_TYPE = YES_ERROR;
				GCC_WARN_UNDECLARED_SELECTOR = YES;
				GCC_WARN_UNINITIALIZED_AUTOS = YES_AGGRESSIVE;
				GCC_WARN_UNUSED_FUNCTION = YES;
				GCC_WARN_UNUSED_VARIABLE = YES;
				IPHONEOS_DEPLOYMENT_TARGET = 15.2;
				MTL_ENABLE_DEBUG_INFO = INCLUDE_SOURCE;
				MTL_FAST_MATH = YES;
				ONLY_ACTIVE_ARCH = YES;
				SDKROOT = iphoneos;
				SWIFT_ACTIVE_COMPILATION_CONDITIONS = DEBUG;
				SWIFT_OPTIMIZATION_LEVEL = "-Onone";
			};
			name = Debug;
		};
		961E4B3D27C0986F009367B7 /* Release */ = {
			isa = XCBuildConfiguration;
			buildSettings = {
				ALWAYS_SEARCH_USER_PATHS = NO;
				CLANG_ANALYZER_NONNULL = YES;
				CLANG_ANALYZER_NUMBER_OBJECT_CONVERSION = YES_AGGRESSIVE;
				CLANG_CXX_LANGUAGE_STANDARD = "gnu++17";
				CLANG_CXX_LIBRARY = "libc++";
				CLANG_ENABLE_MODULES = YES;
				CLANG_ENABLE_OBJC_ARC = YES;
				CLANG_ENABLE_OBJC_WEAK = YES;
				CLANG_WARN_BLOCK_CAPTURE_AUTORELEASING = YES;
				CLANG_WARN_BOOL_CONVERSION = YES;
				CLANG_WARN_COMMA = YES;
				CLANG_WARN_CONSTANT_CONVERSION = YES;
				CLANG_WARN_DEPRECATED_OBJC_IMPLEMENTATIONS = YES;
				CLANG_WARN_DIRECT_OBJC_ISA_USAGE = YES_ERROR;
				CLANG_WARN_DOCUMENTATION_COMMENTS = YES;
				CLANG_WARN_EMPTY_BODY = YES;
				CLANG_WARN_ENUM_CONVERSION = YES;
				CLANG_WARN_INFINITE_RECURSION = YES;
				CLANG_WARN_INT_CONVERSION = YES;
				CLANG_WARN_NON_LITERAL_NULL_CONVERSION = YES;
				CLANG_WARN_OBJC_IMPLICIT_RETAIN_SELF = YES;
				CLANG_WARN_OBJC_LITERAL_CONVERSION = YES;
				CLANG_WARN_OBJC_ROOT_CLASS = YES_ERROR;
				CLANG_WARN_QUOTED_INCLUDE_IN_FRAMEWORK_HEADER = YES;
				CLANG_WARN_RANGE_LOOP_ANALYSIS = YES;
				CLANG_WARN_STRICT_PROTOTYPES = YES;
				CLANG_WARN_SUSPICIOUS_MOVE = YES;
				CLANG_WARN_UNGUARDED_AVAILABILITY = YES_AGGRESSIVE;
				CLANG_WARN_UNREACHABLE_CODE = YES;
				CLANG_WARN__DUPLICATE_METHOD_MATCH = YES;
				COPY_PHASE_STRIP = NO;
				DEBUG_INFORMATION_FORMAT = "dwarf-with-dsym";
				ENABLE_NS_ASSERTIONS = NO;
				ENABLE_STRICT_OBJC_MSGSEND = YES;
				GCC_C_LANGUAGE_STANDARD = gnu11;
				GCC_NO_COMMON_BLOCKS = YES;
				GCC_WARN_64_TO_32_BIT_CONVERSION = YES;
				GCC_WARN_ABOUT_RETURN_TYPE = YES_ERROR;
				GCC_WARN_UNDECLARED_SELECTOR = YES;
				GCC_WARN_UNINITIALIZED_AUTOS = YES_AGGRESSIVE;
				GCC_WARN_UNUSED_FUNCTION = YES;
				GCC_WARN_UNUSED_VARIABLE = YES;
				IPHONEOS_DEPLOYMENT_TARGET = 15.2;
				MTL_ENABLE_DEBUG_INFO = NO;
				MTL_FAST_MATH = YES;
				SDKROOT = iphoneos;
				SWIFT_COMPILATION_MODE = wholemodule;
				SWIFT_OPTIMIZATION_LEVEL = "-O";
				VALIDATE_PRODUCT = YES;
			};
			name = Release;
		};
		961E4B3F27C0986F009367B7 /* Debug */ = {
			isa = XCBuildConfiguration;
			buildSettings = {
				ASSETCATALOG_COMPILER_APPICON_NAME = AppIcon;
				ASSETCATALOG_COMPILER_GLOBAL_ACCENT_COLOR_NAME = AccentColor;
				CODE_SIGN_STYLE = Automatic;
				CURRENT_PROJECT_VERSION = 1;
				DEVELOPMENT_ASSET_PATHS = "\"TamnaPractice/Preview Content\"";
				DEVELOPMENT_TEAM = B2RV52W8G3;
				ENABLE_PREVIEWS = YES;
				GENERATE_INFOPLIST_FILE = YES;
				INFOPLIST_KEY_UIApplicationSceneManifest_Generation = YES;
				INFOPLIST_KEY_UIApplicationSupportsIndirectInputEvents = YES;
				INFOPLIST_KEY_UILaunchScreen_Generation = YES;
				INFOPLIST_KEY_UISupportedInterfaceOrientations_iPad = "UIInterfaceOrientationPortrait UIInterfaceOrientationPortraitUpsideDown UIInterfaceOrientationLandscapeLeft UIInterfaceOrientationLandscapeRight";
				INFOPLIST_KEY_UISupportedInterfaceOrientations_iPhone = "UIInterfaceOrientationPortrait UIInterfaceOrientationLandscapeLeft UIInterfaceOrientationLandscapeRight";
				INFOPLIST_KEY_UIUserInterfaceStyle = Light;
				LD_RUNPATH_SEARCH_PATHS = (
					"$(inherited)",
					"@executable_path/Frameworks",
				);
				MARKETING_VERSION = 1.0;
				PRODUCT_BUNDLE_IDENTIFIER = com.swiftist.TamnaPractice;
				PRODUCT_NAME = "$(TARGET_NAME)";
				SWIFT_EMIT_LOC_STRINGS = YES;
				SWIFT_VERSION = 5.0;
				TARGETED_DEVICE_FAMILY = "1,2";
			};
			name = Debug;
		};
		961E4B4027C0986F009367B7 /* Release */ = {
			isa = XCBuildConfiguration;
			buildSettings = {
				ASSETCATALOG_COMPILER_APPICON_NAME = AppIcon;
				ASSETCATALOG_COMPILER_GLOBAL_ACCENT_COLOR_NAME = AccentColor;
				CODE_SIGN_STYLE = Automatic;
				CURRENT_PROJECT_VERSION = 1;
				DEVELOPMENT_ASSET_PATHS = "\"TamnaPractice/Preview Content\"";
				DEVELOPMENT_TEAM = B2RV52W8G3;
				ENABLE_PREVIEWS = YES;
				GENERATE_INFOPLIST_FILE = YES;
				INFOPLIST_KEY_UIApplicationSceneManifest_Generation = YES;
				INFOPLIST_KEY_UIApplicationSupportsIndirectInputEvents = YES;
				INFOPLIST_KEY_UILaunchScreen_Generation = YES;
				INFOPLIST_KEY_UISupportedInterfaceOrientations_iPad = "UIInterfaceOrientationPortrait UIInterfaceOrientationPortraitUpsideDown UIInterfaceOrientationLandscapeLeft UIInterfaceOrientationLandscapeRight";
				INFOPLIST_KEY_UISupportedInterfaceOrientations_iPhone = "UIInterfaceOrientationPortrait UIInterfaceOrientationLandscapeLeft UIInterfaceOrientationLandscapeRight";
				INFOPLIST_KEY_UIUserInterfaceStyle = Light;
				LD_RUNPATH_SEARCH_PATHS = (
					"$(inherited)",
					"@executable_path/Frameworks",
				);
				MARKETING_VERSION = 1.0;
				PRODUCT_BUNDLE_IDENTIFIER = com.swiftist.TamnaPractice;
				PRODUCT_NAME = "$(TARGET_NAME)";
				SWIFT_EMIT_LOC_STRINGS = YES;
				SWIFT_VERSION = 5.0;
				TARGETED_DEVICE_FAMILY = "1,2";
			};
			name = Release;
		};
/* End XCBuildConfiguration section */

/* Begin XCConfigurationList section */
		961E4B2B27C0986E009367B7 /* Build configuration list for PBXProject "TamnaPractice" */ = {
			isa = XCConfigurationList;
			buildConfigurations = (
				961E4B3C27C0986F009367B7 /* Debug */,
				961E4B3D27C0986F009367B7 /* Release */,
			);
			defaultConfigurationIsVisible = 0;
			defaultConfigurationName = Release;
		};
		961E4B3E27C0986F009367B7 /* Build configuration list for PBXNativeTarget "TamnaPractice" */ = {
			isa = XCConfigurationList;
			buildConfigurations = (
				961E4B3F27C0986F009367B7 /* Debug */,
				961E4B4027C0986F009367B7 /* Release */,
			);
			defaultConfigurationIsVisible = 0;
			defaultConfigurationName = Release;
		};
/* End XCConfigurationList section */
	};
	rootObject = 961E4B2827C0986E009367B7 /* Project object */;
}
